// !$*UTF8*$!
{
	archiveVersion = 1;
	classes = {
	};
	objectVersion = 77;
	objects = {

/* Begin PBXContainerItemProxy section */
		038BBC422D87ED8B003B12B9 /* PBXContainerItemProxy */ = {
			isa = PBXContainerItemProxy;
			containerPortal = 038BBC292D87ED86003B12B9 /* Project object */;
			proxyType = 1;
			remoteGlobalIDString = 038BBC302D87ED86003B12B9;
			remoteInfo = Photo_Saver;
		};
		038BBC4C2D87ED8B003B12B9 /* PBXContainerItemProxy */ = {
			isa = PBXContainerItemProxy;
			containerPortal = 038BBC292D87ED86003B12B9 /* Project object */;
			proxyType = 1;
			remoteGlobalIDString = 038BBC302D87ED86003B12B9;
			remoteInfo = Photo_Saver;
		};
/* End PBXContainerItemProxy section */

/* Begin PBXFileReference section */
		038BBC312D87ED86003B12B9 /* Photo_Saver.app */ = {isa = PBXFileReference; explicitFileType = wrapper.application; includeInIndex = 0; path = Photo_Saver.app; sourceTree = BUILT_PRODUCTS_DIR; };
		038BBC412D87ED8B003B12B9 /* Photo_SaverTests.xctest */ = {isa = PBXFileReference; explicitFileType = wrapper.cfbundle; includeInIndex = 0; path = Photo_SaverTests.xctest; sourceTree = BUILT_PRODUCTS_DIR; };
		038BBC4B2D87ED8B003B12B9 /* Photo_SaverUITests.xctest */ = {isa = PBXFileReference; explicitFileType = wrapper.cfbundle; includeInIndex = 0; path = Photo_SaverUITests.xctest; sourceTree = BUILT_PRODUCTS_DIR; };
/* End PBXFileReference section */

/* Begin PBXFileSystemSynchronizedRootGroup section */
		038BBC332D87ED86003B12B9 /* Photo_Saver */ = {
			isa = PBXFileSystemSynchronizedRootGroup;
			path = Photo_Saver;
			sourceTree = "<group>";
		};
		038BBC442D87ED8B003B12B9 /* Photo_SaverTests */ = {
			isa = PBXFileSystemSynchronizedRootGroup;
			path = Photo_SaverTests;
			sourceTree = "<group>";
		};
		038BBC4E2D87ED8B003B12B9 /* Photo_SaverUITests */ = {
			isa = PBXFileSystemSynchronizedRootGroup;
			path = Photo_SaverUITests;
			sourceTree = "<group>";
		};
/* End PBXFileSystemSynchronizedRootGroup section */

/* Begin PBXFrameworksBuildPhase section */
		038BBC2E2D87ED86003B12B9 /* Frameworks */ = {
			isa = PBXFrameworksBuildPhase;
			buildActionMask = 2147483647;
			files = (
			);
			runOnlyForDeploymentPostprocessing = 0;
		};
		038BBC3E2D87ED8B003B12B9 /* Frameworks */ = {
			isa = PBXFrameworksBuildPhase;
			buildActionMask = 2147483647;
			files = (
			);
			runOnlyForDeploymentPostprocessing = 0;
		};
		038BBC482D87ED8B003B12B9 /* Frameworks */ = {
			isa = PBXFrameworksBuildPhase;
			buildActionMask = 2147483647;
			files = (
			);
			runOnlyForDeploymentPostprocessing = 0;
		};
/* End PBXFrameworksBuildPhase section */

/* Begin PBXGroup section */
		038BBC282D87ED86003B12B9 = {
			isa = PBXGroup;
			children = (
				038BBC332D87ED86003B12B9 /* Photo_Saver */,
				038BBC442D87ED8B003B12B9 /* Photo_SaverTests */,
				038BBC4E2D87ED8B003B12B9 /* Photo_SaverUITests */,
				038BBC322D87ED86003B12B9 /* Products */,
			);
			sourceTree = "<group>";
		};
		038BBC322D87ED86003B12B9 /* Products */ = {
			isa = PBXGroup;
			children = (
				038BBC312D87ED86003B12B9 /* Photo_Saver.app */,
				038BBC412D87ED8B003B12B9 /* Photo_SaverTests.xctest */,
				038BBC4B2D87ED8B003B12B9 /* Photo_SaverUITests.xctest */,
			);
			name = Products;
			sourceTree = "<group>";
		};
/* End PBXGroup section */

/* Begin PBXNativeTarget section */
		038BBC302D87ED86003B12B9 /* Photo_Saver */ = {
			isa = PBXNativeTarget;
			buildConfigurationList = 038BBC552D87ED8B003B12B9 /* Build configuration list for PBXNativeTarget "Photo_Saver" */;
			buildPhases = (
				038BBC2D2D87ED86003B12B9 /* Sources */,
				038BBC2E2D87ED86003B12B9 /* Frameworks */,
				038BBC2F2D87ED86003B12B9 /* Resources */,
			);
			buildRules = (
			);
			dependencies = (
			);
			fileSystemSynchronizedGroups = (
				038BBC332D87ED86003B12B9 /* Photo_Saver */,
			);
			name = Photo_Saver;
			packageProductDependencies = (
			);
			productName = Photo_Saver;
			productReference = 038BBC312D87ED86003B12B9 /* Photo_Saver.app */;
			productType = "com.apple.product-type.application";
		};
		038BBC402D87ED8B003B12B9 /* Photo_SaverTests */ = {
			isa = PBXNativeTarget;
			buildConfigurationList = 038BBC582D87ED8B003B12B9 /* Build configuration list for PBXNativeTarget "Photo_SaverTests" */;
			buildPhases = (
				038BBC3D2D87ED8B003B12B9 /* Sources */,
				038BBC3E2D87ED8B003B12B9 /* Frameworks */,
				038BBC3F2D87ED8B003B12B9 /* Resources */,
			);
			buildRules = (
			);
			dependencies = (
				038BBC432D87ED8B003B12B9 /* PBXTargetDependency */,
			);
			fileSystemSynchronizedGroups = (
				038BBC442D87ED8B003B12B9 /* Photo_SaverTests */,
			);
			name = Photo_SaverTests;
			packageProductDependencies = (
			);
			productName = Photo_SaverTests;
			productReference = 038BBC412D87ED8B003B12B9 /* Photo_SaverTests.xctest */;
			productType = "com.apple.product-type.bundle.unit-test";
		};
		038BBC4A2D87ED8B003B12B9 /* Photo_SaverUITests */ = {
			isa = PBXNativeTarget;
			buildConfigurationList = 038BBC5B2D87ED8B003B12B9 /* Build configuration list for PBXNativeTarget "Photo_SaverUITests" */;
			buildPhases = (
				038BBC472D87ED8B003B12B9 /* Sources */,
				038BBC482D87ED8B003B12B9 /* Frameworks */,
				038BBC492D87ED8B003B12B9 /* Resources */,
			);
			buildRules = (
			);
			dependencies = (
				038BBC4D2D87ED8B003B12B9 /* PBXTargetDependency */,
			);
			fileSystemSynchronizedGroups = (
				038BBC4E2D87ED8B003B12B9 /* Photo_SaverUITests */,
			);
			name = Photo_SaverUITests;
			packageProductDependencies = (
			);
			productName = Photo_SaverUITests;
			productReference = 038BBC4B2D87ED8B003B12B9 /* Photo_SaverUITests.xctest */;
			productType = "com.apple.product-type.bundle.ui-testing";
		};
/* End PBXNativeTarget section */

/* Begin PBXProject section */
		038BBC292D87ED86003B12B9 /* Project object */ = {
			isa = PBXProject;
			attributes = {
				BuildIndependentTargetsInParallel = 1;
				LastSwiftUpdateCheck = 1620;
				LastUpgradeCheck = 1620;
				TargetAttributes = {
					038BBC302D87ED86003B12B9 = {
						CreatedOnToolsVersion = 16.2;
					};
					038BBC402D87ED8B003B12B9 = {
						CreatedOnToolsVersion = 16.2;
						TestTargetID = 038BBC302D87ED86003B12B9;
					};
					038BBC4A2D87ED8B003B12B9 = {
						CreatedOnToolsVersion = 16.2;
						TestTargetID = 038BBC302D87ED86003B12B9;
					};
				};
			};
			buildConfigurationList = 038BBC2C2D87ED86003B12B9 /* Build configuration list for PBXProject "Photo_Saver" */;
			developmentRegion = en;
			hasScannedForEncodings = 0;
			knownRegions = (
				en,
				Base,
			);
			mainGroup = 038BBC282D87ED86003B12B9;
			minimizedProjectReferenceProxies = 1;
			preferredProjectObjectVersion = 77;
			productRefGroup = 038BBC322D87ED86003B12B9 /* Products */;
			projectDirPath = "";
			projectRoot = "";
			targets = (
				038BBC302D87ED86003B12B9 /* Photo_Saver */,
				038BBC402D87ED8B003B12B9 /* Photo_SaverTests */,
				038BBC4A2D87ED8B003B12B9 /* Photo_SaverUITests */,
			);
		};
/* End PBXProject section */

/* Begin PBXResourcesBuildPhase section */
		038BBC2F2D87ED86003B12B9 /* Resources */ = {
			isa = PBXResourcesBuildPhase;
			buildActionMask = 2147483647;
			files = (
			);
			runOnlyForDeploymentPostprocessing = 0;
		};
		038BBC3F2D87ED8B003B12B9 /* Resources */ = {
			isa = PBXResourcesBuildPhase;
			buildActionMask = 2147483647;
			files = (
			);
			runOnlyForDeploymentPostprocessing = 0;
		};
		038BBC492D87ED8B003B12B9 /* Resources */ = {
			isa = PBXResourcesBuildPhase;
			buildActionMask = 2147483647;
			files = (
			);
			runOnlyForDeploymentPostprocessing = 0;
		};
/* End PBXResourcesBuildPhase section */

/* Begin PBXSourcesBuildPhase section */
		038BBC2D2D87ED86003B12B9 /* Sources */ = {
			isa = PBXSourcesBuildPhase;
			buildActionMask = 2147483647;
			files = (
			);
			runOnlyForDeploymentPostprocessing = 0;
		};
		038BBC3D2D87ED8B003B12B9 /* Sources */ = {
			isa = PBXSourcesBuildPhase;
			buildActionMask = 2147483647;
			files = (
			);
			runOnlyForDeploymentPostprocessing = 0;
		};
		038BBC472D87ED8B003B12B9 /* Sources */ = {
			isa = PBXSourcesBuildPhase;
			buildActionMask = 2147483647;
			files = (
			);
			runOnlyForDeploymentPostprocessing = 0;
		};
/* End PBXSourcesBuildPhase section */

/* Begin PBXTargetDependency section */
		038BBC432D87ED8B003B12B9 /* PBXTargetDependency */ = {
			isa = PBXTargetDependency;
			target = 038BBC302D87ED86003B12B9 /* Photo_Saver */;
			targetProxy = 038BBC422D87ED8B003B12B9 /* PBXContainerItemProxy */;
		};
		038BBC4D2D87ED8B003B12B9 /* PBXTargetDependency */ = {
			isa = PBXTargetDependency;
			target = 038BBC302D87ED86003B12B9 /* Photo_Saver */;
			targetProxy = 038BBC4C2D87ED8B003B12B9 /* PBXContainerItemProxy */;
		};
/* End PBXTargetDependency section */

/* Begin XCBuildConfiguration section */
		038BBC532D87ED8B003B12B9 /* Debug */ = {
			isa = XCBuildConfiguration;
			buildSettings = {
				ALWAYS_SEARCH_USER_PATHS = NO;
				ASSETCATALOG_COMPILER_GENERATE_SWIFT_ASSET_SYMBOL_EXTENSIONS = YES;
				CLANG_ANALYZER_NONNULL = YES;
				CLANG_ANALYZER_NUMBER_OBJECT_CONVERSION = YES_AGGRESSIVE;
				CLANG_CXX_LANGUAGE_STANDARD = "gnu++20";
				CLANG_ENABLE_MODULES = YES;
				CLANG_ENABLE_OBJC_ARC = YES;
				CLANG_ENABLE_OBJC_WEAK = YES;
				CLANG_WARN_BLOCK_CAPTURE_AUTORELEASING = YES;
				CLANG_WARN_BOOL_CONVERSION = YES;
				CLANG_WARN_COMMA = YES;
				CLANG_WARN_CONSTANT_CONVERSION = YES;
				CLANG_WARN_DEPRECATED_OBJC_IMPLEMENTATIONS = YES;
				CLANG_WARN_DIRECT_OBJC_ISA_USAGE = YES_ERROR;
				CLANG_WARN_DOCUMENTATION_COMMENTS = YES;
				CLANG_WARN_EMPTY_BODY = YES;
				CLANG_WARN_ENUM_CONVERSION = YES;
				CLANG_WARN_INFINITE_RECURSION = YES;
				CLANG_WARN_INT_CONVERSION = YES;
				CLANG_WARN_NON_LITERAL_NULL_CONVERSION = YES;
				CLANG_WARN_OBJC_IMPLICIT_RETAIN_SELF = YES;
				CLANG_WARN_OBJC_LITERAL_CONVERSION = YES;
				CLANG_WARN_OBJC_ROOT_CLASS = YES_ERROR;
				CLANG_WARN_QUOTED_INCLUDE_IN_FRAMEWORK_HEADER = YES;
				CLANG_WARN_RANGE_LOOP_ANALYSIS = YES;
				CLANG_WARN_STRICT_PROTOTYPES = YES;
				CLANG_WARN_SUSPICIOUS_MOVE = YES;
				CLANG_WARN_UNGUARDED_AVAILABILITY = YES_AGGRESSIVE;
				CLANG_WARN_UNREACHABLE_CODE = YES;
				CLANG_WARN__DUPLICATE_METHOD_MATCH = YES;
				COPY_PHASE_STRIP = NO;
				DEBUG_INFORMATION_FORMAT = dwarf;
				ENABLE_STRICT_OBJC_MSGSEND = YES;
				ENABLE_TESTABILITY = YES;
				ENABLE_USER_SCRIPT_SANDBOXING = YES;
				GCC_C_LANGUAGE_STANDARD = gnu17;
				GCC_DYNAMIC_NO_PIC = NO;
				GCC_NO_COMMON_BLOCKS = YES;
				GCC_OPTIMIZATION_LEVEL = 0;
				GCC_PREPROCESSOR_DEFINITIONS = (
					"DEBUG=1",
					"$(inherited)",
				);
				GCC_WARN_64_TO_32_BIT_CONVERSION = YES;
				GCC_WARN_ABOUT_RETURN_TYPE = YES_ERROR;
				GCC_WARN_UNDECLARED_SELECTOR = YES;
				GCC_WARN_UNINITIALIZED_AUTOS = YES_AGGRESSIVE;
				GCC_WARN_UNUSED_FUNCTION = YES;
				GCC_WARN_UNUSED_VARIABLE = YES;
				IPHONEOS_DEPLOYMENT_TARGET = 18.2;
				LOCALIZATION_PREFERS_STRING_CATALOGS = YES;
				MTL_ENABLE_DEBUG_INFO = INCLUDE_SOURCE;
				MTL_FAST_MATH = YES;
				ONLY_ACTIVE_ARCH = YES;
				SDKROOT = iphoneos;
				SWIFT_ACTIVE_COMPILATION_CONDITIONS = "DEBUG $(inherited)";
				SWIFT_OPTIMIZATION_LEVEL = "-Onone";
			};
			name = Debug;
		};
		038BBC542D87ED8B003B12B9 /* Release */ = {
			isa = XCBuildConfiguration;
			buildSettings = {
				ALWAYS_SEARCH_USER_PATHS = NO;
				ASSETCATALOG_COMPILER_GENERATE_SWIFT_ASSET_SYMBOL_EXTENSIONS = YES;
				CLANG_ANALYZER_NONNULL = YES;
				CLANG_ANALYZER_NUMBER_OBJECT_CONVERSION = YES_AGGRESSIVE;
				CLANG_CXX_LANGUAGE_STANDARD = "gnu++20";
				CLANG_ENABLE_MODULES = YES;
				CLANG_ENABLE_OBJC_ARC = YES;
				CLANG_ENABLE_OBJC_WEAK = YES;
				CLANG_WARN_BLOCK_CAPTURE_AUTORELEASING = YES;
				CLANG_WARN_BOOL_CONVERSION = YES;
				CLANG_WARN_COMMA = YES;
				CLANG_WARN_CONSTANT_CONVERSION = YES;
				CLANG_WARN_DEPRECATED_OBJC_IMPLEMENTATIONS = YES;
				CLANG_WARN_DIRECT_OBJC_ISA_USAGE = YES_ERROR;
				CLANG_WARN_DOCUMENTATION_COMMENTS = YES;
				CLANG_WARN_EMPTY_BODY = YES;
				CLANG_WARN_ENUM_CONVERSION = YES;
				CLANG_WARN_INFINITE_RECURSION = YES;
				CLANG_WARN_INT_CONVERSION = YES;
				CLANG_WARN_NON_LITERAL_NULL_CONVERSION = YES;
				CLANG_WARN_OBJC_IMPLICIT_RETAIN_SELF = YES;
				CLANG_WARN_OBJC_LITERAL_CONVERSION = YES;
				CLANG_WARN_OBJC_ROOT_CLASS = YES_ERROR;
				CLANG_WARN_QUOTED_INCLUDE_IN_FRAMEWORK_HEADER = YES;
				CLANG_WARN_RANGE_LOOP_ANALYSIS = YES;
				CLANG_WARN_STRICT_PROTOTYPES = YES;
				CLANG_WARN_SUSPICIOUS_MOVE = YES;
				CLANG_WARN_UNGUARDED_AVAILABILITY = YES_AGGRESSIVE;
				CLANG_WARN_UNREACHABLE_CODE = YES;
				CLANG_WARN__DUPLICATE_METHOD_MATCH = YES;
				COPY_PHASE_STRIP = NO;
				DEBUG_INFORMATION_FORMAT = "dwarf-with-dsym";
				ENABLE_NS_ASSERTIONS = NO;
				ENABLE_STRICT_OBJC_MSGSEND = YES;
				ENABLE_USER_SCRIPT_SANDBOXING = YES;
				GCC_C_LANGUAGE_STANDARD = gnu17;
				GCC_NO_COMMON_BLOCKS = YES;
				GCC_WARN_64_TO_32_BIT_CONVERSION = YES;
				GCC_WARN_ABOUT_RETURN_TYPE = YES_ERROR;
				GCC_WARN_UNDECLARED_SELECTOR = YES;
				GCC_WARN_UNINITIALIZED_AUTOS = YES_AGGRESSIVE;
				GCC_WARN_UNUSED_FUNCTION = YES;
				GCC_WARN_UNUSED_VARIABLE = YES;
				IPHONEOS_DEPLOYMENT_TARGET = 18.2;
				LOCALIZATION_PREFERS_STRING_CATALOGS = YES;
				MTL_ENABLE_DEBUG_INFO = NO;
				MTL_FAST_MATH = YES;
				SDKROOT = iphoneos;
				SWIFT_COMPILATION_MODE = wholemodule;
				VALIDATE_PRODUCT = YES;
			};
			name = Release;
		};
		038BBC562D87ED8B003B12B9 /* Debug */ = {
			isa = XCBuildConfiguration;
			buildSettings = {
				ASSETCATALOG_COMPILER_APPICON_NAME = AppIcon;
				ASSETCATALOG_COMPILER_GLOBAL_ACCENT_COLOR_NAME = AccentColor;
				CODE_SIGN_STYLE = Automatic;
				CURRENT_PROJECT_VERSION = 1;
				DEVELOPMENT_ASSET_PATHS = "\"Photo_Saver/Preview Content\"";
				DEVELOPMENT_TEAM = 5Q88J9N6C8;
				ENABLE_PREVIEWS = YES;
				GENERATE_INFOPLIST_FILE = YES;
				INFOPLIST_KEY_UIApplicationSceneManifest_Generation = YES;
				INFOPLIST_KEY_UIApplicationSupportsIndirectInputEvents = YES;
				INFOPLIST_KEY_UILaunchScreen_Generation = YES;
				INFOPLIST_KEY_UISupportedInterfaceOrientations_iPad = "UIInterfaceOrientationPortrait UIInterfaceOrientationPortraitUpsideDown UIInterfaceOrientationLandscapeLeft UIInterfaceOrientationLandscapeRight";
				INFOPLIST_KEY_UISupportedInterfaceOrientations_iPhone = "UIInterfaceOrientationPortrait UIInterfaceOrientationLandscapeLeft UIInterfaceOrientationLandscapeRight";
				LD_RUNPATH_SEARCH_PATHS = (
					"$(inherited)",
					"@executable_path/Frameworks",
				);
				MARKETING_VERSION = 1.0;
				PRODUCT_BUNDLE_IDENTIFIER = "com.nyajames.Photo-Saver";
				PRODUCT_NAME = "$(TARGET_NAME)";
				SWIFT_EMIT_LOC_STRINGS = YES;
				SWIFT_VERSION = 5.0;
				TARGETED_DEVICE_FAMILY = "1,2";
			};
			name = Debug;
		};
		038BBC572D87ED8B003B12B9 /* Release */ = {
			isa = XCBuildConfiguration;
			buildSettings = {
				ASSETCATALOG_COMPILER_APPICON_NAME = AppIcon;
				ASSETCATALOG_COMPILER_GLOBAL_ACCENT_COLOR_NAME = AccentColor;
				CODE_SIGN_STYLE = Automatic;
				CURRENT_PROJECT_VERSION = 1;
				DEVELOPMENT_ASSET_PATHS = "\"Photo_Saver/Preview Content\"";
				DEVELOPMENT_TEAM = 5Q88J9N6C8;
				ENABLE_PREVIEWS = YES;
				GENERATE_INFOPLIST_FILE = YES;
				INFOPLIST_KEY_UIApplicationSceneManifest_Generation = YES;
				INFOPLIST_KEY_UIApplicationSupportsIndirectInputEvents = YES;
				INFOPLIST_KEY_UILaunchScreen_Generation = YES;
				INFOPLIST_KEY_UISupportedInterfaceOrientations_iPad = "UIInterfaceOrientationPortrait UIInterfaceOrientationPortraitUpsideDown UIInterfaceOrientationLandscapeLeft UIInterfaceOrientationLandscapeRight";
				INFOPLIST_KEY_UISupportedInterfaceOrientations_iPhone = "UIInterfaceOrientationPortrait UIInterfaceOrientationLandscapeLeft UIInterfaceOrientationLandscapeRight";
				LD_RUNPATH_SEARCH_PATHS = (
					"$(inherited)",
					"@executable_path/Frameworks",
				);
				MARKETING_VERSION = 1.0;
				PRODUCT_BUNDLE_IDENTIFIER = "com.nyajames.Photo-Saver";
				PRODUCT_NAME = "$(TARGET_NAME)";
				SWIFT_EMIT_LOC_STRINGS = YES;
				SWIFT_VERSION = 5.0;
				TARGETED_DEVICE_FAMILY = "1,2";
			};
			name = Release;
		};
		038BBC592D87ED8B003B12B9 /* Debug */ = {
			isa = XCBuildConfiguration;
			buildSettings = {
				BUNDLE_LOADER = "$(TEST_HOST)";
				CODE_SIGN_STYLE = Automatic;
				CURRENT_PROJECT_VERSION = 1;
				DEVELOPMENT_TEAM = 5Q88J9N6C8;
				GENERATE_INFOPLIST_FILE = YES;
				IPHONEOS_DEPLOYMENT_TARGET = 18.2;
				MARKETING_VERSION = 1.0;
				PRODUCT_BUNDLE_IDENTIFIER = "com.nyajames.Photo-SaverTests";
				PRODUCT_NAME = "$(TARGET_NAME)";
				SWIFT_EMIT_LOC_STRINGS = NO;
				SWIFT_VERSION = 5.0;
				TARGETED_DEVICE_FAMILY = "1,2";
				TEST_HOST = "$(BUILT_PRODUCTS_DIR)/Photo_Saver.app/$(BUNDLE_EXECUTABLE_FOLDER_PATH)/Photo_Saver";
			};
			name = Debug;
		};
		038BBC5A2D87ED8B003B12B9 /* Release */ = {
			isa = XCBuildConfiguration;
			buildSettings = {
				BUNDLE_LOADER = "$(TEST_HOST)";
				CODE_SIGN_STYLE = Automatic;
				CURRENT_PROJECT_VERSION = 1;
				DEVELOPMENT_TEAM = 5Q88J9N6C8;
				GENERATE_INFOPLIST_FILE = YES;
				IPHONEOS_DEPLOYMENT_TARGET = 18.2;
				MARKETING_VERSION = 1.0;
				PRODUCT_BUNDLE_IDENTIFIER = "com.nyajames.Photo-SaverTests";
				PRODUCT_NAME = "$(TARGET_NAME)";
				SWIFT_EMIT_LOC_STRINGS = NO;
				SWIFT_VERSION = 5.0;
				TARGETED_DEVICE_FAMILY = "1,2";
				TEST_HOST = "$(BUILT_PRODUCTS_DIR)/Photo_Saver.app/$(BUNDLE_EXECUTABLE_FOLDER_PATH)/Photo_Saver";
			};
			name = Release;
		};
		038BBC5C2D87ED8B003B12B9 /* Debug */ = {
			isa = XCBuildConfiguration;
			buildSettings = {
				CODE_SIGN_STYLE = Automatic;
				CURRENT_PROJECT_VERSION = 1;
				DEVELOPMENT_TEAM = 5Q88J9N6C8;
				GENERATE_INFOPLIST_FILE = YES;
				MARKETING_VERSION = 1.0;
				PRODUCT_BUNDLE_IDENTIFIER = "com.nyajames.Photo-SaverUITests";
				PRODUCT_NAME = "$(TARGET_NAME)";
				SWIFT_EMIT_LOC_STRINGS = NO;
				SWIFT_VERSION = 5.0;
				TARGETED_DEVICE_FAMILY = "1,2";
				TEST_TARGET_NAME = Photo_Saver;
			};
			name = Debug;
		};
		038BBC5D2D87ED8B003B12B9 /* Release */ = {
			isa = XCBuildConfiguration;
			buildSettings = {
				CODE_SIGN_STYLE = Automatic;
				CURRENT_PROJECT_VERSION = 1;
				DEVELOPMENT_TEAM = 5Q88J9N6C8;
				GENERATE_INFOPLIST_FILE = YES;
				MARKETING_VERSION = 1.0;
				PRODUCT_BUNDLE_IDENTIFIER = "com.nyajames.Photo-SaverUITests";
				PRODUCT_NAME = "$(TARGET_NAME)";
				SWIFT_EMIT_LOC_STRINGS = NO;
				SWIFT_VERSION = 5.0;
				TARGETED_DEVICE_FAMILY = "1,2";
				TEST_TARGET_NAME = Photo_Saver;
			};
			name = Release;
		};
/* End XCBuildConfiguration section */

/* Begin XCConfigurationList section */
		038BBC2C2D87ED86003B12B9 /* Build configuration list for PBXProject "Photo_Saver" */ = {
			isa = XCConfigurationList;
			buildConfigurations = (
				038BBC532D87ED8B003B12B9 /* Debug */,
				038BBC542D87ED8B003B12B9 /* Release */,
			);
			defaultConfigurationIsVisible = 0;
			defaultConfigurationName = Release;
		};
		038BBC552D87ED8B003B12B9 /* Build configuration list for PBXNativeTarget "Photo_Saver" */ = {
			isa = XCConfigurationList;
			buildConfigurations = (
				038BBC562D87ED8B003B12B9 /* Debug */,
				038BBC572D87ED8B003B12B9 /* Release */,
			);
			defaultConfigurationIsVisible = 0;
			defaultConfigurationName = Release;
		};
		038BBC582D87ED8B003B12B9 /* Build configuration list for PBXNativeTarget "Photo_SaverTests" */ = {
			isa = XCConfigurationList;
			buildConfigurations = (
				038BBC592D87ED8B003B12B9 /* Debug */,
				038BBC5A2D87ED8B003B12B9 /* Release */,
			);
			defaultConfigurationIsVisible = 0;
			defaultConfigurationName = Release;
		};
		038BBC5B2D87ED8B003B12B9 /* Build configuration list for PBXNativeTarget "Photo_SaverUITests" */ = {
			isa = XCConfigurationList;
			buildConfigurations = (
				038BBC5C2D87ED8B003B12B9 /* Debug */,
				038BBC5D2D87ED8B003B12B9 /* Release */,
			);
			defaultConfigurationIsVisible = 0;
			defaultConfigurationName = Release;
		};
/* End XCConfigurationList section */
	};
	rootObject = 038BBC292D87ED86003B12B9 /* Project object */;
}
